
Microsoft Visual Studio Solution File, Format Version 12.00
# Visual Studio Version 16
VisualStudioVersion = 16.0.30804.86
MinimumVisualStudioVersion = 10.0.40219.1
Project("{9A19103F-16F7-4668-BE54-9A1E7A4F7556}") = "kampintro", "kampintro\kampintro.csproj", "{ED2F9D50-1C03-4B6F-8DBE-32B9E8184344}"
EndProject
Project("{9A19103F-16F7-4668-BE54-9A1E7A4F7556}") = "döngüler", "döngüler\döngüler.csproj", "{C32B2D5D-BE93-4956-B762-9842ECEFBC8A}"
EndProject
Project("{9A19103F-16F7-4668-BE54-9A1E7A4F7556}") = "classintro", "classintro\classintro.csproj", "{1D67819B-8F89-4509-8EFB-4C625C33745C}"
EndProject
Project("{9A19103F-16F7-4668-BE54-9A1E7A4F7556}") = "Metotlar", "Metotlar\Metotlar.csproj", "{7B4971E1-DA0F-4692-BA19-292A135A24AE}"
EndProject
Project("{9A19103F-16F7-4668-BE54-9A1E7A4F7556}") = "DegerVeReferansTipler", "DegerVeReferansTipler\DegerVeReferansTipler.csproj", "{33310618-8D58-4CC6-A554-F435AF526EE9}"
EndProject
Project("{9A19103F-16F7-4668-BE54-9A1E7A4F7556}") = "Matematik", "Matematik\Matematik.csproj", "{156E2A90-45E3-4096-839E-97739667DA22}"
EndProject
Project("{FAE04EC0-301F-11D3-BF4B-00C04F79EFBC}") = "OOP1", "OOP1\OOP1.csproj", "{F8FDD561-CD93-4934-AF18-84751075B885}"
EndProject
Project("{FAE04EC0-301F-11D3-BF4B-00C04F79EFBC}") = "Koleksiyonlar", "Koleksiyonlar\Koleksiyonlar.csproj", "{0A74BCD5-EE3B-4CE0-8671-90FFAE94A9CD}"
EndProject
Project("{FAE04EC0-301F-11D3-BF4B-00C04F79EFBC}") = "GenericsIntro", "GenericsIntro\GenericsIntro.csproj", "{6E4002E8-9902-4A0F-9218-E5DA4467B468}"
EndProject
Global
	GlobalSection(SolutionConfigurationPlatforms) = preSolution
		Debug|Any CPU = Debug|Any CPU
		Release|Any CPU = Release|Any CPU
	EndGlobalSection
	GlobalSection(ProjectConfigurationPlatforms) = postSolution
		{ED2F9D50-1C03-4B6F-8DBE-32B9E8184344}.Debug|Any CPU.ActiveCfg = Debug|Any CPU
		{ED2F9D50-1C03-4B6F-8DBE-32B9E8184344}.Debug|Any CPU.Build.0 = Debug|Any CPU
		{ED2F9D50-1C03-4B6F-8DBE-32B9E8184344}.Release|Any CPU.ActiveCfg = Release|Any CPU
		{ED2F9D50-1C03-4B6F-8DBE-32B9E8184344}.Release|Any CPU.Build.0 = Release|Any CPU
		{C32B2D5D-BE93-4956-B762-9842ECEFBC8A}.Debug|Any CPU.ActiveCfg = Debug|Any CPU
		{C32B2D5D-BE93-4956-B762-9842ECEFBC8A}.Debug|Any CPU.Build.0 = Debug|Any CPU
		{C32B2D5D-BE93-4956-B762-9842ECEFBC8A}.Release|Any CPU.ActiveCfg = Release|Any CPU
		{C32B2D5D-BE93-4956-B762-9842ECEFBC8A}.Release|Any CPU.Build.0 = Release|Any CPU
		{1D67819B-8F89-4509-8EFB-4C625C33745C}.Debug|Any CPU.ActiveCfg = Debug|Any CPU
		{1D67819B-8F89-4509-8EFB-4C625C33745C}.Debug|Any CPU.Build.0 = Debug|Any CPU
		{1D67819B-8F89-4509-8EFB-4C625C33745C}.Release|Any CPU.ActiveCfg = Release|Any CPU
		{1D67819B-8F89-4509-8EFB-4C625C33745C}.Release|Any CPU.Build.0 = Release|Any CPU
		{7B4971E1-DA0F-4692-BA19-292A135A24AE}.Debug|Any CPU.ActiveCfg = Debug|Any CPU
		{7B4971E1-DA0F-4692-BA19-292A135A24AE}.Debug|Any CPU.Build.0 = Debug|Any CPU
		{7B4971E1-DA0F-4692-BA19-292A135A24AE}.Release|Any CPU.ActiveCfg = Release|Any CPU
		{7B4971E1-DA0F-4692-BA19-292A135A24AE}.Release|Any CPU.Build.0 = Release|Any CPU
		{33310618-8D58-4CC6-A554-F435AF526EE9}.Debug|Any CPU.ActiveCfg = Debug|Any CPU
		{33310618-8D58-4CC6-A554-F435AF526EE9}.Debug|Any CPU.Build.0 = Debug|Any CPU
		{33310618-8D58-4CC6-A554-F435AF526EE9}.Release|Any CPU.ActiveCfg = Release|Any CPU
		{33310618-8D58-4CC6-A554-F435AF526EE9}.Release|Any CPU.Build.0 = Release|Any CPU
		{156E2A90-45E3-4096-839E-97739667DA22}.Debug|Any CPU.ActiveCfg = Debug|Any CPU
		{156E2A90-45E3-4096-839E-97739667DA22}.Debug|Any CPU.Build.0 = Debug|Any CPU
		{156E2A90-45E3-4096-839E-97739667DA22}.Release|Any CPU.ActiveCfg = Release|Any CPU
		{156E2A90-45E3-4096-839E-97739667DA22}.Release|Any CPU.Build.0 = Release|Any CPU
		{F8FDD561-CD93-4934-AF18-84751075B885}.Debug|Any CPU.ActiveCfg = Debug|Any CPU
		{F8FDD561-CD93-4934-AF18-84751075B885}.Debug|Any CPU.Build.0 = Debug|Any CPU
		{F8FDD561-CD93-4934-AF18-84751075B885}.Release|Any CPU.ActiveCfg = Release|Any CPU
		{F8FDD561-CD93-4934-AF18-84751075B885}.Release|Any CPU.Build.0 = Release|Any CPU
		{0A74BCD5-EE3B-4CE0-8671-90FFAE94A9CD}.Debug|Any CPU.ActiveCfg = Debug|Any CPU
		{0A74BCD5-EE3B-4CE0-8671-90FFAE94A9CD}.Debug|Any CPU.Build.0 = Debug|Any CPU
		{0A74BCD5-EE3B-4CE0-8671-90FFAE94A9CD}.Release|Any CPU.ActiveCfg = Release|Any CPU
		{0A74BCD5-EE3B-4CE0-8671-90FFAE94A9CD}.Release|Any CPU.Build.0 = Release|Any CPU
		{6E4002E8-9902-4A0F-9218-E5DA4467B468}.Debug|Any CPU.ActiveCfg = Debug|Any CPU
		{6E4002E8-9902-4A0F-9218-E5DA4467B468}.Debug|Any CPU.Build.0 = Debug|Any CPU
		{6E4002E8-9902-4A0F-9218-E5DA4467B468}.Release|Any CPU.ActiveCfg = Release|Any CPU
		{6E4002E8-9902-4A0F-9218-E5DA4467B468}.Release|Any CPU.Build.0 = Release|Any CPU
	EndGlobalSection
	GlobalSection(SolutionProperties) = preSolution
		HideSolutionNode = FALSE
	EndGlobalSection
	GlobalSection(ExtensibilityGlobals) = postSolution
		SolutionGuid = {4D618BA4-274F-4F70-BE9A-4DA3B42D2F20}
	EndGlobalSection
EndGlobal
